
Microsoft Visual Studio Solution File, Format Version 12.00
# Visual Studio Version 17
VisualStudioVersion = 17.0.31903.59
MinimumVisualStudioVersion = 10.0.40219.1
Project("{FAE04EC0-301F-11D3-BF4B-00C04F79EFBC}") = "LogicExercise", "LogicExercise\LogicExercise.csproj", "{AA85869B-C5CC-408A-845F-4424C9978443}"
EndProject
Project("{FAE04EC0-301F-11D3-BF4B-00C04F79EFBC}") = "NumericTypes", "NumericTypes\NumericTypes.csproj", "{FDF63958-22C0-44C4-8C08-26AA6B281861}"
EndProject
Project("{FAE04EC0-301F-11D3-BF4B-00C04F79EFBC}") = "StringsAndCharacters", "StringsAndCharacters\StringsAndCharacters.csproj", "{D8A69641-AA1E-418D-A7D3-E2A750908727}"
EndProject
Project("{FAE04EC0-301F-11D3-BF4B-00C04F79EFBC}") = "Arrays", "Arrays\Arrays.csproj", "{B3F54E5B-DFE2-4B43-80CC-73C31A0AFB7E}"
EndProject
Project("{FAE04EC0-301F-11D3-BF4B-00C04F79EFBC}") = "Classes", "Classes\Classes.csproj", "{BC21FF25-E41A-42AA-B72F-26E18575E408}"
EndProject
Project("{FAE04EC0-301F-11D3-BF4B-00C04F79EFBC}") = "Inheritance", "Inheritance\Inheritance.csproj", "{25097478-D52C-41F2-B807-0C4B2A9915CD}"
EndProject
Project("{FAE04EC0-301F-11D3-BF4B-00C04F79EFBC}") = "Generics", "Generics\Generics.csproj", "{BCABEE4E-3B78-42C4-814E-51D119659977}"
EndProject
Project("{FAE04EC0-301F-11D3-BF4B-00C04F79EFBC}") = "Delegates", "Delegates\Delegates.csproj", "{EE1D86BC-C889-4A04-9C27-4366961B8B82}"
EndProject
Global
	GlobalSection(SolutionConfigurationPlatforms) = preSolution
		Debug|Any CPU = Debug|Any CPU
		Debug|x64 = Debug|x64
		Debug|x86 = Debug|x86
		Release|Any CPU = Release|Any CPU
		Release|x64 = Release|x64
		Release|x86 = Release|x86
	EndGlobalSection
	GlobalSection(ProjectConfigurationPlatforms) = postSolution
		{AA85869B-C5CC-408A-845F-4424C9978443}.Debug|Any CPU.ActiveCfg = Debug|Any CPU
		{AA85869B-C5CC-408A-845F-4424C9978443}.Debug|Any CPU.Build.0 = Debug|Any CPU
		{AA85869B-C5CC-408A-845F-4424C9978443}.Debug|x64.ActiveCfg = Debug|Any CPU
		{AA85869B-C5CC-408A-845F-4424C9978443}.Debug|x64.Build.0 = Debug|Any CPU
		{AA85869B-C5CC-408A-845F-4424C9978443}.Debug|x86.ActiveCfg = Debug|Any CPU
		{AA85869B-C5CC-408A-845F-4424C9978443}.Debug|x86.Build.0 = Debug|Any CPU
		{AA85869B-C5CC-408A-845F-4424C9978443}.Release|Any CPU.ActiveCfg = Release|Any CPU
		{AA85869B-C5CC-408A-845F-4424C9978443}.Release|Any CPU.Build.0 = Release|Any CPU
		{AA85869B-C5CC-408A-845F-4424C9978443}.Release|x64.ActiveCfg = Release|Any CPU
		{AA85869B-C5CC-408A-845F-4424C9978443}.Release|x64.Build.0 = Release|Any CPU
		{AA85869B-C5CC-408A-845F-4424C9978443}.Release|x86.ActiveCfg = Release|Any CPU
		{AA85869B-C5CC-408A-845F-4424C9978443}.Release|x86.Build.0 = Release|Any CPU
		{FDF63958-22C0-44C4-8C08-26AA6B281861}.Debug|Any CPU.ActiveCfg = Debug|Any CPU
		{FDF63958-22C0-44C4-8C08-26AA6B281861}.Debug|Any CPU.Build.0 = Debug|Any CPU
		{FDF63958-22C0-44C4-8C08-26AA6B281861}.Debug|x64.ActiveCfg = Debug|Any CPU
		{FDF63958-22C0-44C4-8C08-26AA6B281861}.Debug|x64.Build.0 = Debug|Any CPU
		{FDF63958-22C0-44C4-8C08-26AA6B281861}.Debug|x86.ActiveCfg = Debug|Any CPU
		{FDF63958-22C0-44C4-8C08-26AA6B281861}.Debug|x86.Build.0 = Debug|Any CPU
		{FDF63958-22C0-44C4-8C08-26AA6B281861}.Release|Any CPU.ActiveCfg = Release|Any CPU
		{FDF63958-22C0-44C4-8C08-26AA6B281861}.Release|Any CPU.Build.0 = Release|Any CPU
		{FDF63958-22C0-44C4-8C08-26AA6B281861}.Release|x64.ActiveCfg = Release|Any CPU
		{FDF63958-22C0-44C4-8C08-26AA6B281861}.Release|x64.Build.0 = Release|Any CPU
		{FDF63958-22C0-44C4-8C08-26AA6B281861}.Release|x86.ActiveCfg = Release|Any CPU
		{FDF63958-22C0-44C4-8C08-26AA6B281861}.Release|x86.Build.0 = Release|Any CPU
		{D8A69641-AA1E-418D-A7D3-E2A750908727}.Debug|Any CPU.ActiveCfg = Debug|Any CPU
		{D8A69641-AA1E-418D-A7D3-E2A750908727}.Debug|Any CPU.Build.0 = Debug|Any CPU
		{D8A69641-AA1E-418D-A7D3-E2A750908727}.Debug|x64.ActiveCfg = Debug|Any CPU
		{D8A69641-AA1E-418D-A7D3-E2A750908727}.Debug|x64.Build.0 = Debug|Any CPU
		{D8A69641-AA1E-418D-A7D3-E2A750908727}.Debug|x86.ActiveCfg = Debug|Any CPU
		{D8A69641-AA1E-418D-A7D3-E2A750908727}.Debug|x86.Build.0 = Debug|Any CPU
		{D8A69641-AA1E-418D-A7D3-E2A750908727}.Release|Any CPU.ActiveCfg = Release|Any CPU
		{D8A69641-AA1E-418D-A7D3-E2A750908727}.Release|Any CPU.Build.0 = Release|Any CPU
		{D8A69641-AA1E-418D-A7D3-E2A750908727}.Release|x64.ActiveCfg = Release|Any CPU
		{D8A69641-AA1E-418D-A7D3-E2A750908727}.Release|x64.Build.0 = Release|Any CPU
		{D8A69641-AA1E-418D-A7D3-E2A750908727}.Release|x86.ActiveCfg = Release|Any CPU
		{D8A69641-AA1E-418D-A7D3-E2A750908727}.Release|x86.Build.0 = Release|Any CPU
		{B3F54E5B-DFE2-4B43-80CC-73C31A0AFB7E}.Debug|Any CPU.ActiveCfg = Debug|Any CPU
		{B3F54E5B-DFE2-4B43-80CC-73C31A0AFB7E}.Debug|Any CPU.Build.0 = Debug|Any CPU
		{B3F54E5B-DFE2-4B43-80CC-73C31A0AFB7E}.Debug|x64.ActiveCfg = Debug|Any CPU
		{B3F54E5B-DFE2-4B43-80CC-73C31A0AFB7E}.Debug|x64.Build.0 = Debug|Any CPU
		{B3F54E5B-DFE2-4B43-80CC-73C31A0AFB7E}.Debug|x86.ActiveCfg = Debug|Any CPU
		{B3F54E5B-DFE2-4B43-80CC-73C31A0AFB7E}.Debug|x86.Build.0 = Debug|Any CPU
		{B3F54E5B-DFE2-4B43-80CC-73C31A0AFB7E}.Release|Any CPU.ActiveCfg = Release|Any CPU
		{B3F54E5B-DFE2-4B43-80CC-73C31A0AFB7E}.Release|Any CPU.Build.0 = Release|Any CPU
		{B3F54E5B-DFE2-4B43-80CC-73C31A0AFB7E}.Release|x64.ActiveCfg = Release|Any CPU
		{B3F54E5B-DFE2-4B43-80CC-73C31A0AFB7E}.Release|x64.Build.0 = Release|Any CPU
		{B3F54E5B-DFE2-4B43-80CC-73C31A0AFB7E}.Release|x86.ActiveCfg = Release|Any CPU
		{B3F54E5B-DFE2-4B43-80CC-73C31A0AFB7E}.Release|x86.Build.0 = Release|Any CPU
		{BC21FF25-E41A-42AA-B72F-26E18575E408}.Debug|Any CPU.ActiveCfg = Debug|Any CPU
		{BC21FF25-E41A-42AA-B72F-26E18575E408}.Debug|Any CPU.Build.0 = Debug|Any CPU
		{BC21FF25-E41A-42AA-B72F-26E18575E408}.Debug|x64.ActiveCfg = Debug|Any CPU
		{BC21FF25-E41A-42AA-B72F-26E18575E408}.Debug|x64.Build.0 = Debug|Any CPU
		{BC21FF25-E41A-42AA-B72F-26E18575E408}.Debug|x86.ActiveCfg = Debug|Any CPU
		{BC21FF25-E41A-42AA-B72F-26E18575E408}.Debug|x86.Build.0 = Debug|Any CPU
		{BC21FF25-E41A-42AA-B72F-26E18575E408}.Release|Any CPU.ActiveCfg = Release|Any CPU
		{BC21FF25-E41A-42AA-B72F-26E18575E408}.Release|Any CPU.Build.0 = Release|Any CPU
		{BC21FF25-E41A-42AA-B72F-26E18575E408}.Release|x64.ActiveCfg = Release|Any CPU
		{BC21FF25-E41A-42AA-B72F-26E18575E408}.Release|x64.Build.0 = Release|Any CPU
		{BC21FF25-E41A-42AA-B72F-26E18575E408}.Release|x86.ActiveCfg = Release|Any CPU
		{BC21FF25-E41A-42AA-B72F-26E18575E408}.Release|x86.Build.0 = Release|Any CPU
		{25097478-D52C-41F2-B807-0C4B2A9915CD}.Debug|Any CPU.ActiveCfg = Debug|Any CPU
		{25097478-D52C-41F2-B807-0C4B2A9915CD}.Debug|Any CPU.Build.0 = Debug|Any CPU
		{25097478-D52C-41F2-B807-0C4B2A9915CD}.Debug|x64.ActiveCfg = Debug|Any CPU
		{25097478-D52C-41F2-B807-0C4B2A9915CD}.Debug|x64.Build.0 = Debug|Any CPU
		{25097478-D52C-41F2-B807-0C4B2A9915CD}.Debug|x86.ActiveCfg = Debug|Any CPU
		{25097478-D52C-41F2-B807-0C4B2A9915CD}.Debug|x86.Build.0 = Debug|Any CPU
		{25097478-D52C-41F2-B807-0C4B2A9915CD}.Release|Any CPU.ActiveCfg = Release|Any CPU
		{25097478-D52C-41F2-B807-0C4B2A9915CD}.Release|Any CPU.Build.0 = Release|Any CPU
		{25097478-D52C-41F2-B807-0C4B2A9915CD}.Release|x64.ActiveCfg = Release|Any CPU
		{25097478-D52C-41F2-B807-0C4B2A9915CD}.Release|x64.Build.0 = Release|Any CPU
		{25097478-D52C-41F2-B807-0C4B2A9915CD}.Release|x86.ActiveCfg = Release|Any CPU
		{25097478-D52C-41F2-B807-0C4B2A9915CD}.Release|x86.Build.0 = Release|Any CPU
		{BCABEE4E-3B78-42C4-814E-51D119659977}.Debug|Any CPU.ActiveCfg = Debug|Any CPU
		{BCABEE4E-3B78-42C4-814E-51D119659977}.Debug|Any CPU.Build.0 = Debug|Any CPU
		{BCABEE4E-3B78-42C4-814E-51D119659977}.Debug|x64.ActiveCfg = Debug|Any CPU
		{BCABEE4E-3B78-42C4-814E-51D119659977}.Debug|x64.Build.0 = Debug|Any CPU
		{BCABEE4E-3B78-42C4-814E-51D119659977}.Debug|x86.ActiveCfg = Debug|Any CPU
		{BCABEE4E-3B78-42C4-814E-51D119659977}.Debug|x86.Build.0 = Debug|Any CPU
		{BCABEE4E-3B78-42C4-814E-51D119659977}.Release|Any CPU.ActiveCfg = Release|Any CPU
		{BCABEE4E-3B78-42C4-814E-51D119659977}.Release|Any CPU.Build.0 = Release|Any CPU
		{BCABEE4E-3B78-42C4-814E-51D119659977}.Release|x64.ActiveCfg = Release|Any CPU
		{BCABEE4E-3B78-42C4-814E-51D119659977}.Release|x64.Build.0 = Release|Any CPU
		{BCABEE4E-3B78-42C4-814E-51D119659977}.Release|x86.ActiveCfg = Release|Any CPU
		{BCABEE4E-3B78-42C4-814E-51D119659977}.Release|x86.Build.0 = Release|Any CPU
		{EE1D86BC-C889-4A04-9C27-4366961B8B82}.Debug|Any CPU.ActiveCfg = Debug|Any CPU
		{EE1D86BC-C889-4A04-9C27-4366961B8B82}.Debug|Any CPU.Build.0 = Debug|Any CPU
		{EE1D86BC-C889-4A04-9C27-4366961B8B82}.Debug|x64.ActiveCfg = Debug|Any CPU
		{EE1D86BC-C889-4A04-9C27-4366961B8B82}.Debug|x64.Build.0 = Debug|Any CPU
		{EE1D86BC-C889-4A04-9C27-4366961B8B82}.Debug|x86.ActiveCfg = Debug|Any CPU
		{EE1D86BC-C889-4A04-9C27-4366961B8B82}.Debug|x86.Build.0 = Debug|Any CPU
		{EE1D86BC-C889-4A04-9C27-4366961B8B82}.Release|Any CPU.ActiveCfg = Release|Any CPU
		{EE1D86BC-C889-4A04-9C27-4366961B8B82}.Release|Any CPU.Build.0 = Release|Any CPU
		{EE1D86BC-C889-4A04-9C27-4366961B8B82}.Release|x64.ActiveCfg = Release|Any CPU
		{EE1D86BC-C889-4A04-9C27-4366961B8B82}.Release|x64.Build.0 = Release|Any CPU
		{EE1D86BC-C889-4A04-9C27-4366961B8B82}.Release|x86.ActiveCfg = Release|Any CPU
		{EE1D86BC-C889-4A04-9C27-4366961B8B82}.Release|x86.Build.0 = Release|Any CPU
	EndGlobalSection
	GlobalSection(SolutionProperties) = preSolution
		HideSolutionNode = FALSE
	EndGlobalSection
EndGlobal
